{
  "name": "assets",
  "lockfileVersion": 3,
  "requires": true,
  "packages": {
    "": {
      "dependencies": {
        "@pixiv/three-vrm": "^3.4.4",
        "three": "^0.176.0"
      }
    },
    "node_modules/@pixiv/three-vrm": {
      "version": "3.4.4",
      "resolved": "https://registry.npmjs.org/@pixiv/three-vrm/-/three-vrm-3.4.4.tgz",
      "integrity": "sha512-8/5Mx6uiCQDdb89Q5C4MsdSZTA/3Wi95snf3ydgysV8dZczE+J/FoMcDSAyk/jDT69EDzryOSJWwmQknyaBGjQ==",
      "dependencies": {
        "@pixiv/three-vrm-core": "3.4.4",
        "@pixiv/three-vrm-materials-hdr-emissive-multiplier": "3.4.4",
        "@pixiv/three-vrm-materials-mtoon": "3.4.4",
        "@pixiv/three-vrm-materials-v0compat": "3.4.4",
        "@pixiv/three-vrm-node-constraint": "3.4.4",
        "@pixiv/three-vrm-springbone": "3.4.4"
      },
      "peerDependencies": {
        "three": ">=0.137"
      }
    },
    "node_modules/@pixiv/three-vrm-core": {
      "version": "3.4.4",
      "resolved": "https://registry.npmjs.org/@pixiv/three-vrm-core/-/three-vrm-core-3.4.4.tgz",
      "integrity": "sha512-jxTZSRrs8kiZovxuPe1c3dVUNRgVzMG5YPK4DVFfVGBoWARLsjrK3uGqJmdmALGIgDh8d7gUNciuVYBCStG3FA==",
      "dependencies": {
        "@pixiv/types-vrm-0.0": "3.4.4",
        "@pixiv/types-vrmc-vrm-1.0": "3.4.4"
      },
      "peerDependencies": {
        "three": ">=0.137"
      }
    },
    "node_modules/@pixiv/three-vrm-materials-hdr-emissive-multiplier": {
      "version": "3.4.4",
      "resolved": "https://registry.npmjs.org/@pixiv/three-vrm-materials-hdr-emissive-multiplier/-/three-vrm-materials-hdr-emissive-multiplier-3.4.4.tgz",
      "integrity": "sha512-iveCXh+cn2RaV/9L2qSdBWkH921gbh0c1c8Xii7hwPaNoTogVFKebeSiCD7Tf+EptS/0xj/ldxq2im3gT1I72w==",
      "dependencies": {
        "@pixiv/types-vrmc-materials-hdr-emissive-multiplier-1.0": "3.4.4"
      },
      "peerDependencies": {
        "three": ">=0.137"
      }
    },
    "node_modules/@pixiv/three-vrm-materials-mtoon": {
      "version": "3.4.4",
      "resolved": "https://registry.npmjs.org/@pixiv/three-vrm-materials-mtoon/-/three-vrm-materials-mtoon-3.4.4.tgz",
      "integrity": "sha512-ALzG5UXdiUWx7PPLchLwb0LIUwB+JjLzOq27G1v1TMu1jsj8kPjxJwzQhG9TQRE+krvsFeu/W+wi+8W9PfljAA==",
      "dependencies": {
        "@pixiv/types-vrm-0.0": "3.4.4",
        "@pixiv/types-vrmc-materials-mtoon-1.0": "3.4.4"
      },
      "peerDependencies": {
        "three": ">=0.137"
      }
    },
    "node_modules/@pixiv/three-vrm-materials-v0compat": {
      "version": "3.4.4",
      "resolved": "https://registry.npmjs.org/@pixiv/three-vrm-materials-v0compat/-/three-vrm-materials-v0compat-3.4.4.tgz",
      "integrity": "sha512-Z752CZTra8cL/dcfqZCDTHDWXIL0/45ERfCjnrT8kd7W4SJAj3uKopdMnRgzuxsDFXyV+rrEUChFDrwOJZrUuA==",
      "dependencies": {
        "@pixiv/types-vrm-0.0": "3.4.4",
        "@pixiv/types-vrmc-materials-mtoon-1.0": "3.4.4"
      },
      "peerDependencies": {
        "three": ">=0.137"
      }
    },
    "node_modules/@pixiv/three-vrm-node-constraint": {
      "version": "3.4.4",
      "resolved": "https://registry.npmjs.org/@pixiv/three-vrm-node-constraint/-/three-vrm-node-constraint-3.4.4.tgz",
      "integrity": "sha512-sLH0TA5hZmLcBKiQyOXD4mvJocldsYsirmJ3gHxiyijQWWrCe36j21R7uvzKQvXranto+8Qk1+XX+ZsYIHWboA==",
      "dependencies": {
        "@pixiv/types-vrmc-node-constraint-1.0": "3.4.4"
      },
      "peerDependencies": {
        "three": ">=0.137"
      }
    },
    "node_modules/@pixiv/three-vrm-springbone": {
      "version": "3.4.4",
      "resolved": "https://registry.npmjs.org/@pixiv/three-vrm-springbone/-/three-vrm-springbone-3.4.4.tgz",
      "integrity": "sha512-orgX+HhdFxyy2XnlKPLDZvp4l0IanAIPTSiPBMmabVLxKpSEgyqgoPhElCjrKc7F35rJK5aVANCGeIPSghIwmw==",
      "dependencies": {
        "@pixiv/types-vrm-0.0": "3.4.4",
        "@pixiv/types-vrmc-springbone-1.0": "3.4.4",
        "@pixiv/types-vrmc-springbone-extended-collider-1.0": "3.4.4"
      },
      "peerDependencies": {
        "three": ">=0.137"
      }
    },
    "node_modules/@pixiv/types-vrm-0.0": {
      "version": "3.4.4",
      "resolved": "https://registry.npmjs.org/@pixiv/types-vrm-0.0/-/types-vrm-0.0-3.4.4.tgz",
      "integrity": "sha512-a/57fkqjw+eu4zHrBtneqcQjktBNu2CbUTXIwHeIWl5iIGCWk7hdBkjokRVxxOubhYB1aj5gaZ0WnCnJ0gTSSQ=="
    },
    "node_modules/@pixiv/types-vrmc-materials-hdr-emissive-multiplier-1.0": {
      "version": "3.4.4",
      "resolved": "https://registry.npmjs.org/@pixiv/types-vrmc-materials-hdr-emissive-multiplier-1.0/-/types-vrmc-materials-hdr-emissive-multiplier-1.0-3.4.4.tgz",
      "integrity": "sha512-JwKrbNx4YGc6nycDDYQxtfHNECQjHFye/LmdnaFKD97KIinm0zcCyou/JTj4mKizZB2F7Mpez64IZfpbK09B8A=="
    },
    "node_modules/@pixiv/types-vrmc-materials-mtoon-1.0": {
      "version": "3.4.4",
      "resolved": "https://registry.npmjs.org/@pixiv/types-vrmc-materials-mtoon-1.0/-/types-vrmc-materials-mtoon-1.0-3.4.4.tgz",
      "integrity": "sha512-KzLZ4rEdWVkL0WLI9aaxPWnUt77Wjz8zdAEzoJ+s4xoRC1T9uYDVIh1FgdBnkFosLMzFU9J7afD61oUccqVkaA=="
    },
    "node_modules/@pixiv/types-vrmc-node-constraint-1.0": {
      "version": "3.4.4",
      "resolved": "https://registry.npmjs.org/@pixiv/types-vrmc-node-constraint-1.0/-/types-vrmc-node-constraint-1.0-3.4.4.tgz",
      "integrity": "sha512-I8+GRLV1a04j0Mx4cQAaBZtSnKf/zvTWfMSdUHfloZWcZfJFtvtimLxWSZCZK7SeltFzz3hWI1RqOrM9rDlz+g=="
    },
    "node_modules/@pixiv/types-vrmc-springbone-1.0": {
      "version": "3.4.4",
      "resolved": "https://registry.npmjs.org/@pixiv/types-vrmc-springbone-1.0/-/types-vrmc-springbone-1.0-3.4.4.tgz",
      "integrity": "sha512-65/Nm/M578ZxHLMCh/vzKCdGpl6o/AGn8eS0SIu+S2ggs9GuHx04+sdQ9BvolnBjoXmqV/pk9cbQWNrn+EzjKA=="
    },
    "node_modules/@pixiv/types-vrmc-springbone-extended-collider-1.0": {
      "version": "3.4.4",
      "resolved": "https://registry.npmjs.org/@pixiv/types-vrmc-springbone-extended-collider-1.0/-/types-vrmc-springbone-extended-collider-1.0-3.4.4.tgz",
      "integrity": "sha512-1dGNULdu+2FT4TStGTRI/w/UNQh57yojiUJ/TftE6n1yueYXCgcsWRFXt43ndRwInc73lOsq+TCxZVmc8R+nJg=="
    },
    "node_modules/@pixiv/types-vrmc-vrm-1.0": {
      "version": "3.4.4",
      "resolved": "https://registry.npmjs.org/@pixiv/types-vrmc-vrm-1.0/-/types-vrmc-vrm-1.0-3.4.4.tgz",
      "integrity": "sha512-NrgAe3ifMPRm1bPu/KLYrx4c1L+mvCGgFAkf1U6VIiHsWQdvKIMjQA8CqVoZZqBBHUCNHI4fVK7WEpX2YrKmhg=="
    },
    "node_modules/three": {
      "version": "0.176.0",
      "resolved": "https://registry.npmjs.org/three/-/three-0.176.0.tgz",
      "integrity": "sha512-PWRKYWQo23ojf9oZSlRGH8K09q7nRSWx6LY/HF/UUrMdYgN9i1e2OwJYHoQjwc6HF/4lvvYLC5YC1X8UJL2ZpA==",
      "license": "MIT"
    }
  }
}
